
Microsoft Visual Studio Solution File, Format Version 12.00
# Visual Studio Version 16
VisualStudioVersion = 16.0.31019.35
MinimumVisualStudioVersion = 10.0.40219.1
Project("{FAE04EC0-301F-11D3-BF4B-00C04F79EFBC}") = "AccesoDatosNetCore", "AccesoDatosNetCore\AccesoDatosNetCore.csproj", "{50D551F6-3A35-49C7-8F6D-0581DB026CAC}"
EndProject
Global
	GlobalSection(SolutionConfigurationPlatforms) = preSolution
		Debug|Any CPU = Debug|Any CPU
		Release|Any CPU = Release|Any CPU
	EndGlobalSection
	GlobalSection(ProjectConfigurationPlatforms) = postSolution
		{50D551F6-3A35-49C7-8F6D-0581DB026CAC}.Debug|Any CPU.ActiveCfg = Debug|Any CPU
		{50D551F6-3A35-49C7-8F6D-0581DB026CAC}.Debug|Any CPU.Build.0 = Debug|Any CPU
		{50D551F6-3A35-49C7-8F6D-0581DB026CAC}.Release|Any CPU.ActiveCfg = Release|Any CPU
		{50D551F6-3A35-49C7-8F6D-0581DB026CAC}.Release|Any CPU.Build.0 = Release|Any CPU
	EndGlobalSection
	GlobalSection(SolutionProperties) = preSolution
		HideSolutionNode = FALSE
	EndGlobalSection
	GlobalSection(ExtensibilityGlobals) = postSolution
		SolutionGuid = {C02E5155-97C3-451E-BF7C-9A264F9B5A4C}
	EndGlobalSection
EndGlobal
